
Microsoft Visual Studio Solution File, Format Version 12.00
# Visual Studio Version 16
VisualStudioVersion = 16.0.31729.503
MinimumVisualStudioVersion = 10.0.40219.1
Project("{FAE04EC0-301F-11D3-BF4B-00C04F79EFBC}") = "CalculoMediaPOO", "CalculoMediaPOO\CalculoMediaPOO.csproj", "{9C2DF98E-54AB-41D6-AE98-8933F5DFA57B}"
EndProject
Global
	GlobalSection(SolutionConfigurationPlatforms) = preSolution
		Debug|Any CPU = Debug|Any CPU
		Release|Any CPU = Release|Any CPU
	EndGlobalSection
	GlobalSection(ProjectConfigurationPlatforms) = postSolution
		{9C2DF98E-54AB-41D6-AE98-8933F5DFA57B}.Debug|Any CPU.ActiveCfg = Debug|Any CPU
		{9C2DF98E-54AB-41D6-AE98-8933F5DFA57B}.Debug|Any CPU.Build.0 = Debug|Any CPU
		{9C2DF98E-54AB-41D6-AE98-8933F5DFA57B}.Release|Any CPU.ActiveCfg = Release|Any CPU
		{9C2DF98E-54AB-41D6-AE98-8933F5DFA57B}.Release|Any CPU.Build.0 = Release|Any CPU
	EndGlobalSection
	GlobalSection(SolutionProperties) = preSolution
		HideSolutionNode = FALSE
	EndGlobalSection
	GlobalSection(ExtensibilityGlobals) = postSolution
		SolutionGuid = {2F73A3F5-8003-435B-B501-490D202EDF4C}
	EndGlobalSection
EndGlobal
