
Microsoft Visual Studio Solution File, Format Version 12.00
# Visual Studio Version 16
VisualStudioVersion = 16.0.31729.503
MinimumVisualStudioVersion = 10.0.40219.1
Project("{FAE04EC0-301F-11D3-BF4B-00C04F79EFBC}") = "Calculando Área Retangulo", "Calculando Área Retangulo\Calculando Área Retangulo.csproj", "{E2776AED-CBF9-4C16-AF3A-4E5E2F8AD132}"
EndProject
Global
	GlobalSection(SolutionConfigurationPlatforms) = preSolution
		Debug|Any CPU = Debug|Any CPU
		Release|Any CPU = Release|Any CPU
	EndGlobalSection
	GlobalSection(ProjectConfigurationPlatforms) = postSolution
		{E2776AED-CBF9-4C16-AF3A-4E5E2F8AD132}.Debug|Any CPU.ActiveCfg = Debug|Any CPU
		{E2776AED-CBF9-4C16-AF3A-4E5E2F8AD132}.Debug|Any CPU.Build.0 = Debug|Any CPU
		{E2776AED-CBF9-4C16-AF3A-4E5E2F8AD132}.Release|Any CPU.ActiveCfg = Release|Any CPU
		{E2776AED-CBF9-4C16-AF3A-4E5E2F8AD132}.Release|Any CPU.Build.0 = Release|Any CPU
	EndGlobalSection
	GlobalSection(SolutionProperties) = preSolution
		HideSolutionNode = FALSE
	EndGlobalSection
	GlobalSection(ExtensibilityGlobals) = postSolution
		SolutionGuid = {758471F5-4443-4E24-AC41-973B242A0146}
	EndGlobalSection
EndGlobal
